github.com/shoginn/wowchemy-block-countdown-timer v1.0.0 h1:l1UPZdKfCpa/iVdvplAf7Ob8+QORuKrnCbLK+bPNkJ8=
github.com/shoginn/wowchemy-block-countdown-timer v1.0.0/go.mod h1:BF9efsuQJaAX/svFK8gePZHdO3tS9dQDcKh512GQsec=
github.com/shoginn/wowchemy-block-instagram-behold/v3 v3.0.1 h1:nn6kfqOcl04f87tZUFcrcfF/Gc3VXKARS+NDfirEc4M=
github.com/shoginn/wowchemy-block-instagram-behold/v3 v3.0.1/go.mod h1:V81HFJKvZAkAX+aBZQHEnkhBv8UwU36CGGrWwK+h+KE=
github.com/shoginn/wowchemy-block-pricing-cards v1.0.0 h1:QlNLMQMpGkNs2tetHLoz8DobUpVe2ymcJ8JUdjliXBQ=
github.com/shoginn/wowchemy-block-pricing-cards v1.0.0/go.mod h1:7aAzZk9X5SXwGuZcW7zE80gK3P1mmYHdADqoz5tGr4w=
github.com/wowchemy/wowchemy-hugo-themes/modules/wowchemy-bootstrap/v5 v5.9.0 h1:7UBB7pbRkrsGGB2kukc3Xv4seS7FtkC4s3Qb+pRCXFI=
github.com/wowchemy/wowchemy-hugo-themes/modules/wowchemy-bootstrap/v5 v5.9.0/go.mod h1:gDiL2ik/lCO0iZFwnbQfxXQcLjxIVVumDAAk7HtzQSU=
github.com/wowchemy/wowchemy-hugo-themes/modules/wowchemy-core v0.2.1-0.20231101183355-53a94b591ea8/go.mod h1:kJwI9H8dicHQCnP8G9EvUDI+oNg/yXcGsjGjwjXuM8I=
github.com/wowchemy/wowchemy-hugo-themes/modules/wowchemy-core v0.2.1-0.20231101183733-7b61e2f369e6/go.mod h1:kJwI9H8dicHQCnP8G9EvUDI+oNg/yXcGsjGjwjXuM8I=
github.com/wowchemy/wowchemy-hugo-themes/modules/wowchemy-core v0.2.1-0.20231101193448-c80f023f2197 h1:5EuNREjz19KwPsV6qCSYMEObaHG8Z/Eov7jlqQOqhEY=
github.com/wowchemy/wowchemy-hugo-themes/modules/wowchemy-core v0.2.1-0.20231101193448-c80f023f2197/go.mod h1:kJwI9H8dicHQCnP8G9EvUDI+oNg/yXcGsjGjwjXuM8I=
github.com/wowchemy/wowchemy-hugo-themes/modules/wowchemy-plugin-netlify v1.0.1-0.20231101193448-c80f023f2197 h1:3JfUAolvLIamfDZcjga2FrnuwntkgPICY4bWRAWv8q4=
github.com/wowchemy/wowchemy-hugo-themes/modules/wowchemy-plugin-netlify v1.0.1-0.20231101193448-c80f023f2197/go.mod h1:s40UgLsWfVyCLQ2F4F3dBcNfZOXcPGld7KxsKhZdzvM=
github.com/wowchemy/wowchemy-hugo-themes/modules/wowchemy-plugin-netlify-cms v1.0.1-0.20231101193448-c80f023f2197 h1:JHWP3gXg4XnFhqgG3PX0cJUEa7Obxd5uvvHORYiPuUs=
github.com/wowchemy/wowchemy-hugo-themes/modules/wowchemy-plugin-netlify-cms v1.0.1-0.20231101193448-c80f023f2197/go.mod h1:X1mETJo6Lkv9tEgfU0UYFRiRInf0RbgW+s1RKXB4GMA=
github.com/wowchemy/wowchemy-hugo-themes/modules/wowchemy-seo v0.1.1-0.20231101183733-7b61e2f369e6/go.mod h1:ecSfomc5wqJSsZb+WuOJGMqCDxONsooRuWmIObTOpR0=
github.com/wowchemy/wowchemy-hugo-themes/modules/wowchemy-seo v0.1.1-0.20231101193448-c80f023f2197 h1:974UfZ5rOOENNYkBpvbXGWkqevu3RSxbY14kOwi5JtQ=
github.com/wowchemy/wowchemy-hugo-themes/modules/wowchemy-seo v0.1.1-0.20231101193448-c80f023f2197/go.mod h1:ecSfomc5wqJSsZb+WuOJGMqCDxONsooRuWmIObTOpR0=
github.com/wowchemy/wowchemy-hugo-themes/modules/wowchemy/v5 v5.9.0 h1:k7vB8NFZ39dWr8MHemJE+MSClGnFN7OrCBa8so/v+UA=
github.com/wowchemy/wowchemy-hugo-themes/modules/wowchemy/v5 v5.9.0/go.mod h1:lt2bI75FiRLJ5Z6BnzfVtag2hBpIISLduGq6I8KkLEE=
